
Microsoft Visual Studio Solution File, Format Version 12.00
# Visual Studio Version 17
VisualStudioVersion = 17.2.32602.215
MinimumVisualStudioVersion = 10.0.40219.1
Project("{FAE04EC0-301F-11D3-BF4B-00C04F79EFBC}") = "NHLStendenCafe", "NHLStendenCafe\NHLStendenCafe.csproj", "{ECE1D359-E239-4073-9D8A-CA329AE48BC4}"
EndProject
Global
	GlobalSection(SolutionConfigurationPlatforms) = preSolution
		Debug|Any CPU = Debug|Any CPU
		Release|Any CPU = Release|Any CPU
	EndGlobalSection
	GlobalSection(ProjectConfigurationPlatforms) = postSolution
		{ECE1D359-E239-4073-9D8A-CA329AE48BC4}.Debug|Any CPU.ActiveCfg = Debug|Any CPU
		{ECE1D359-E239-4073-9D8A-CA329AE48BC4}.Debug|Any CPU.Build.0 = Debug|Any CPU
		{ECE1D359-E239-4073-9D8A-CA329AE48BC4}.Release|Any CPU.ActiveCfg = Release|Any CPU
		{ECE1D359-E239-4073-9D8A-CA329AE48BC4}.Release|Any CPU.Build.0 = Release|Any CPU
	EndGlobalSection
	GlobalSection(SolutionProperties) = preSolution
		HideSolutionNode = FALSE
	EndGlobalSection
	GlobalSection(ExtensibilityGlobals) = postSolution
		SolutionGuid = {6E7543EE-FD8D-42F3-9A4B-9865A45D04A5}
	EndGlobalSection
EndGlobal
